version = 1
requires-python = ">=3.13"

[[package]]
name = "pdf-browser"
version = "0.1.0"
source = { virtual = "." }
dependencies = [
    { name = "pymupdf" },
    { name = "pyqt6" },
    { name = "pyqt6-stubs" },
]

[package.metadata]
requires-dist = [
    { name = "pymupdf", specifier = ">=1.24.13" },
    { name = "pyqt6", specifier = ">=6.7.1" },
    { name = "pyqt6-stubs", git = "https://github.com/python-qt-tools/PyQt6-stubs" },
]

[[package]]
name = "pymupdf"
version = "1.24.13"
source = { registry = "https://pypi.org/simple" }
sdist = { url = "https://files.pythonhosted.org/packages/22/39/84efca63af4e5a014c1d4c21686469f99c3d1c160a3a0b902ac676f6ffd9/PyMuPDF-1.24.13.tar.gz", hash = "sha256:6ec3ab3c6d5cba60bfcf58daaa2d1a5b700b0366ce52be666445007351461fa4", size = 53655596 }
wheels = [
    { url = "https://files.pythonhosted.org/packages/ce/79/8d31a98ebeb329000406d6c36fb2ad42264d5a4a6915ebabbde332642204/PyMuPDF-1.24.13-cp39-abi3-macosx_10_9_x86_64.whl", hash = "sha256:c11bb9198af69d490b4b346421db827d875a28fbc760d239e691d4b3ed12b5ad", size = 19147116 },
    { url = "https://files.pythonhosted.org/packages/ea/fe/ff2bb633c0934ba43c36184b8ed025092e946994dc6b4c764a0079f0ab3c/PyMuPDF-1.24.13-cp39-abi3-macosx_11_0_arm64.whl", hash = "sha256:240d5c43daa9278db50d609162b48f673ab256d7e5c73eea67af517c1fc2d47c", size = 18406545 },
    { url = "https://files.pythonhosted.org/packages/85/48/e4630eb58f4daed22a078e19db8a709d407d2e19316089675f6ed185f01a/PyMuPDF-1.24.13-cp39-abi3-manylinux2014_x86_64.manylinux_2_17_x86_64.whl", hash = "sha256:c830610e4fde237fcf0532f1f8c1381453f48c164a5eadd0c6e5fd0bea1ca8e3", size = 19812221 },
    { url = "https://files.pythonhosted.org/packages/6d/22/5aa9e01747518878a54866b4d925abdc663c64c75f5fbc6a9706957a7a30/PyMuPDF-1.24.13-cp39-abi3-musllinux_1_2_x86_64.whl", hash = "sha256:4520558580ac6b5a7164fda29fbc14e39d3114fd803420721500edbf47d04872", size = 20942140 },
    { url = "https://files.pythonhosted.org/packages/07/a4/2e545217436e7717642809c7392bd7d7156ba102e7a47acb22659bfd41de/PyMuPDF-1.24.13-cp39-abi3-win32.whl", hash = "sha256:ab22828d4fc205791ef1332a64893cbfc38cd9c331c5f46ae4537372ffee6fc1", size = 14943060 },
    { url = "https://files.pythonhosted.org/packages/38/80/f8d8ae555b237574005faef8a181a5c6a1d983e16a982b65ccc56a42faa2/PyMuPDF-1.24.13-cp39-abi3-win_amd64.whl", hash = "sha256:ec17914e4a560f4070212a2e84db5cc8b561d85d1ead193605a22f9561b03148", size = 16242035 },
]

[[package]]
name = "pyqt6"
version = "6.7.1"
source = { registry = "https://pypi.org/simple" }
dependencies = [
    { name = "pyqt6-qt6" },
    { name = "pyqt6-sip" },
]
sdist = { url = "https://files.pythonhosted.org/packages/d1/f9/b0c2ba758b14a7219e076138ea1e738c068bf388e64eee68f3df4fc96f5a/PyQt6-6.7.1.tar.gz", hash = "sha256:3672a82ccd3a62e99ab200a13903421e2928e399fda25ced98d140313ad59cb9", size = 1051212 }
wheels = [
    { url = "https://files.pythonhosted.org/packages/45/b0/20a05cfe287a1bc5a034cfed002bb1999f71c15e53a6ab7886c010ea0ba3/PyQt6-6.7.1-1-cp38-abi3-manylinux_2_28_aarch64.whl", hash = "sha256:7f397f4b38b23b5588eb2c0933510deb953d96b1f0323a916c4839c2a66ccccc", size = 8020146 },
    { url = "https://files.pythonhosted.org/packages/e4/d3/8789879c05cfe06127c4b59258632bd175fcdd9eaaadaf0c897b458fb91d/PyQt6-6.7.1-1-cp38-abi3-manylinux_2_28_x86_64.whl", hash = "sha256:c2f202b7941aa74e5c7e1463a6f27d9131dbc1e6cabe85571d7364f5b3de7397", size = 8227345 },
    { url = "https://files.pythonhosted.org/packages/15/2b/a0c516931697214dcb93b24a62f54b7467194ba1c76f3f7a55cb3a120cc9/PyQt6-6.7.1-cp38-abi3-macosx_11_0_universal2.whl", hash = "sha256:f053378e3aef6248fa612c8afddda17f942fb63f9fe8a9aeb2a6b6b4cbb0eba9", size = 11871174 },
    { url = "https://files.pythonhosted.org/packages/59/8c/3b528f5fa8dfc3d0ba07d8da37ea72dfc59352d80804a12507d7080efb30/PyQt6-6.7.1-cp38-abi3-manylinux_2_28_aarch64.whl", hash = "sha256:0adb7914c732ad1dee46d9cec838a98cb2b11bc38cc3b7b36fbd8701ae64bf47", size = 7999939 },
    { url = "https://files.pythonhosted.org/packages/d8/58/5082dd3654da2b17de19057f181526df566f38af90f517cb8a541bea0890/PyQt6-6.7.1-cp38-abi3-manylinux_2_28_x86_64.whl", hash = "sha256:2d771fa0981514cb1ee937633dfa64f14caa902707d9afffab66677f3a73e3da", size = 8177790 },
    { url = "https://files.pythonhosted.org/packages/a3/69/99d22ee685c08a99fcf2048d366fe6173ba6e43ee13b95a3a2ac2911c52c/PyQt6-6.7.1-cp38-abi3-win_amd64.whl", hash = "sha256:fa3954698233fe286a8afc477b84d8517f0788eb46b74da69d3ccc0170d3714c", size = 6596360 },
]

[[package]]
name = "pyqt6-qt6"
version = "6.7.3"
source = { registry = "https://pypi.org/simple" }
wheels = [
    { url = "https://files.pythonhosted.org/packages/25/a2/9ef7c001068da2d3c8c37fe0e1e0451b1073d47c6ef4e44abf5883559963/PyQt6_Qt6-6.7.3-py3-none-macosx_10_14_x86_64.whl", hash = "sha256:f517a93b6b1a814d4aa6587adc312e812ebaf4d70415bb15cfb44268c5ad3f5f", size = 49136114 },
    { url = "https://files.pythonhosted.org/packages/ec/63/a85bdd7c66800208f0af417bb4d07cb1543a75384021e4594e66d919f855/PyQt6_Qt6-6.7.3-py3-none-macosx_11_0_arm64.whl", hash = "sha256:8551732984fb36a5f4f3db51eafc4e8e6caf18617365830285306f2db17a94c2", size = 45762813 },
    { url = "https://files.pythonhosted.org/packages/8a/6c/4f329f83a6082a7b4c1dc6046e2c48edb72e0d6d0ca3f8d0701fe134dccf/PyQt6_Qt6-6.7.3-py3-none-manylinux_2_28_aarch64.whl", hash = "sha256:50c7482bcdcf2bb78af257fb10ed8b582f8daf91d829782393bc50ac5a0a900c", size = 63801442 },
    { url = "https://files.pythonhosted.org/packages/88/4d/26ca7239f7223e5b95b58a58537a09b069582ebb4dfa38234113a9f898ab/PyQt6_Qt6-6.7.3-py3-none-manylinux_2_28_x86_64.whl", hash = "sha256:cb525fdd393332de60887953029276a44de480fce1d785251ae639580f5e7246", size = 74366973 },
    { url = "https://files.pythonhosted.org/packages/7e/57/3b44f6af1020fa543bd564c5bd346ba4aab1f1be0b861c2e8a0ad88cf3ca/PyQt6_Qt6-6.7.3-py3-none-win_amd64.whl", hash = "sha256:36ea0892b8caeb983af3f285f45fb8dfbb93cfd972439f4e01b7efb2868f6230", size = 58467498 },
]

[[package]]
name = "pyqt6-sip"
version = "13.8.0"
source = { registry = "https://pypi.org/simple" }
sdist = { url = "https://files.pythonhosted.org/packages/e9/b7/95ac49b181096ef40144ef05aff8de7c9657de7916a70533d202ed9f0fd2/PyQt6_sip-13.8.0.tar.gz", hash = "sha256:2f74cf3d6d9cab5152bd9f49d570b2dfb87553ebb5c4919abfde27f5b9fd69d4", size = 92264 }

[[package]]
name = "pyqt6-stubs"
version = "6.2.3.1"
source = { git = "https://github.com/python-qt-tools/PyQt6-stubs#86d119ed202c1f9f86923563c2754cf93c1ec303" }
